
Microsoft Visual Studio Solution File, Format Version 12.00
# Visual Studio 15
VisualStudioVersion = 15.0.27428.2037
MinimumVisualStudioVersion = 10.0.40219.1
Project("{FAE04EC0-301F-11D3-BF4B-00C04F79EFBC}") = "AUTChatBot", "AUTChatBot\AUTChatBot.csproj", "{C6BD588F-70A6-490F-8010-D35D7A75BEC9}"
EndProject
Project("{FAE04EC0-301F-11D3-BF4B-00C04F79EFBC}") = "chatbotwebapp", "chatbotwebapp\chatbotwebapp.csproj", "{8F17CCA7-FEF7-42C3-A173-17A0321205AE}"
EndProject
Global
	GlobalSection(SolutionConfigurationPlatforms) = preSolution
		Debug|Any CPU = Debug|Any CPU
		Release|Any CPU = Release|Any CPU
	EndGlobalSection
	GlobalSection(ProjectConfigurationPlatforms) = postSolution
		{C6BD588F-70A6-490F-8010-D35D7A75BEC9}.Debug|Any CPU.ActiveCfg = Debug|Any CPU
		{C6BD588F-70A6-490F-8010-D35D7A75BEC9}.Debug|Any CPU.Build.0 = Debug|Any CPU
		{C6BD588F-70A6-490F-8010-D35D7A75BEC9}.Release|Any CPU.ActiveCfg = Release|Any CPU
		{C6BD588F-70A6-490F-8010-D35D7A75BEC9}.Release|Any CPU.Build.0 = Release|Any CPU
		{8F17CCA7-FEF7-42C3-A173-17A0321205AE}.Debug|Any CPU.ActiveCfg = Debug|Any CPU
		{8F17CCA7-FEF7-42C3-A173-17A0321205AE}.Debug|Any CPU.Build.0 = Debug|Any CPU
		{8F17CCA7-FEF7-42C3-A173-17A0321205AE}.Release|Any CPU.ActiveCfg = Release|Any CPU
		{8F17CCA7-FEF7-42C3-A173-17A0321205AE}.Release|Any CPU.Build.0 = Release|Any CPU
	EndGlobalSection
	GlobalSection(SolutionProperties) = preSolution
		HideSolutionNode = FALSE
	EndGlobalSection
	GlobalSection(ExtensibilityGlobals) = postSolution
		SolutionGuid = {D5EE49E4-38EA-4726-9CFE-8A07BB34F0B7}
	EndGlobalSection
EndGlobal
